<?xml version="1.0" encoding="utf-8"?>
<Project ToolsVersion="4.0" xmlns="http://schemas.microsoft.com/developer/msbuild/2003">
  <ItemGroup>
    <ClCompile Include="main.cpp" />
    <ClCompile Include="VbCodeExpressionFactory.cpp">
      <Filter>VisualBasic Code\Expressions</Filter>
    </ClCompile>
    <ClCompile Include="VbCodeTypeFactory.cpp">
      <Filter>VisualBasic Code\Types and Values</Filter>
    </ClCompile>
    <ClCompile Include="VbCodeTypeNameFactory.cpp">
      <Filter>VisualBasic Code\Types and Values</Filter>
    </ClCompile>
    <ClCompile Include="VbCodeValueFactory.cpp">
      <Filter>VisualBasic Code\Types and Values</Filter>
    </ClCompile>
    <ClCompile Include="VbCodeParameterFactory.cpp">
      <Filter>VisualBasic Code</Filter>
    </ClCompile>
    <ClCompile Include="VbCodeDeclareFactory.cpp">
      <Filter>VisualBasic Code</Filter>
    </ClCompile>
    <ClCompile Include="VbCodeTypeDefinitionFactory.cpp">
      <Filter>VisualBasic Code</Filter>
    </ClCompile>
    <ClCompile Include="VbCodeFunctionFactory.cpp">
      <Filter>VisualBasic Code\Functions</Filter>
    </ClCompile>
    <ClCompile Include="VbCodeClassFactory.cpp">
      <Filter>VisualBasic Code\Translation Units</Filter>
    </ClCompile>
    <ClCompile Include="VbCodeModuleFactory.cpp">
      <Filter>VisualBasic Code\Translation Units</Filter>
    </ClCompile>
  </ItemGroup>
  <ItemGroup>
    <Filter Include="IO">
      <UniqueIdentifier>{b2ddc9c2-8b89-4cb9-84db-e5dcc0028a25}</UniqueIdentifier>
    </Filter>
    <Filter Include="PreProcessor">
      <UniqueIdentifier>{60f6a2e4-832c-43f1-81cd-14f6e69655a8}</UniqueIdentifier>
    </Filter>
    <Filter Include="Tokens">
      <UniqueIdentifier>{92d78753-51fe-42b9-ad09-239796a7a989}</UniqueIdentifier>
    </Filter>
    <Filter Include="Sentences">
      <UniqueIdentifier>{832a5b09-4048-44b5-a357-20d78e6ebf49}</UniqueIdentifier>
    </Filter>
    <Filter Include="Language">
      <UniqueIdentifier>{aeec7e88-516a-4252-b3a9-b1473e63a909}</UniqueIdentifier>
    </Filter>
    <Filter Include="Parser">
      <UniqueIdentifier>{4fc70970-2eaf-42b8-a4d8-75e0db0f71bc}</UniqueIdentifier>
    </Filter>
    <Filter Include="Utility">
      <UniqueIdentifier>{c3e4b7ab-2bc6-4b49-a22b-cbd0c1b8021b}</UniqueIdentifier>
    </Filter>
    <Filter Include="VisualBasic Parser">
      <UniqueIdentifier>{2fbbf733-e907-4ec8-803e-fed86347ebb1}</UniqueIdentifier>
    </Filter>
    <Filter Include="VisualBasic Sentences">
      <UniqueIdentifier>{65a8da1c-c00c-4a08-ad10-0eb6b636583b}</UniqueIdentifier>
    </Filter>
    <Filter Include="VisualBasic Sentences\Expressions">
      <UniqueIdentifier>{17e40dba-5168-45d3-9724-22138ed97b6b}</UniqueIdentifier>
    </Filter>
    <Filter Include="VisualBasic Sentences\Statements">
      <UniqueIdentifier>{c8f1a0d7-129a-484b-9725-4c9e0ae1985e}</UniqueIdentifier>
    </Filter>
    <Filter Include="VisualBasic Sentences\Types">
      <UniqueIdentifier>{dfdcdc03-c674-4229-a945-b8fd25ef3752}</UniqueIdentifier>
    </Filter>
    <Filter Include="VisualBasic Sentences\Identifiers">
      <UniqueIdentifier>{3b3bd5d0-e77b-452b-8f1a-7e32823df4f3}</UniqueIdentifier>
    </Filter>
    <Filter Include="VisualBasic Sentences\Definitions">
      <UniqueIdentifier>{136d8553-e66a-46a3-940d-ab47ef9491ea}</UniqueIdentifier>
    </Filter>
    <Filter Include="VisualBasic Code">
      <UniqueIdentifier>{3a1d9e6b-6d7f-4c89-bd5c-81df50810d98}</UniqueIdentifier>
    </Filter>
    <Filter Include="VisualBasic Code\Expressions">
      <UniqueIdentifier>{8ec456a0-1b8e-4055-b7ff-a690eb5eb84b}</UniqueIdentifier>
    </Filter>
    <Filter Include="VisualBasic Code\Types and Values">
      <UniqueIdentifier>{cd42db3f-1489-4d94-8e27-252e04187a93}</UniqueIdentifier>
    </Filter>
    <Filter Include="VisualBasic Code\Functions">
      <UniqueIdentifier>{7be5e6c3-04af-4578-8016-f5916229d82e}</UniqueIdentifier>
    </Filter>
    <Filter Include="VisualBasic Code\Statements">
      <UniqueIdentifier>{08a2ee02-21f2-47bb-9c20-09f0e6f92c94}</UniqueIdentifier>
    </Filter>
    <Filter Include="VisualBasic Code\Translation Units">
      <UniqueIdentifier>{b0050705-8bbd-4f81-9930-60f7fce71b0a}</UniqueIdentifier>
    </Filter>
  </ItemGroup>
  <ItemGroup>
    <ClInclude Include="Char.h">
      <Filter>IO</Filter>
    </ClInclude>
    <ClInclude Include="Position.h">
      <Filter>IO</Filter>
    </ClInclude>
    <ClInclude Include="CharStream.h">
      <Filter>IO</Filter>
    </ClInclude>
    <ClInclude Include="VbCharStream.h">
      <Filter>VisualBasic Parser</Filter>
    </ClInclude>
    <ClInclude Include="PreDirectiveType.h">
      <Filter>PreProcessor</Filter>
    </ClInclude>
    <ClInclude Include="PreIfType.h">
      <Filter>PreProcessor</Filter>
    </ClInclude>
    <ClInclude Include="PreToken.h">
      <Filter>PreProcessor</Filter>
    </ClInclude>
    <ClInclude Include="PreTokenType.h">
      <Filter>PreProcessor</Filter>
    </ClInclude>
    <ClInclude Include="PreTokenLine.h">
      <Filter>PreProcessor</Filter>
    </ClInclude>
    <ClInclude Include="VbPreTokenFactory.h">
      <Filter>VisualBasic Parser</Filter>
    </ClInclude>
    <ClInclude Include="PreTokenStream.h">
      <Filter>PreProcessor</Filter>
    </ClInclude>
    <ClInclude Include="PreLine.h">
      <Filter>PreProcessor</Filter>
    </ClInclude>
    <ClInclude Include="PreLineSource.h">
      <Filter>PreProcessor</Filter>
    </ClInclude>
    <ClInclude Include="PreLineEvaluator.h">
      <Filter>PreProcessor</Filter>
    </ClInclude>
    <ClInclude Include="PreLineDirective.h">
      <Filter>PreProcessor</Filter>
    </ClInclude>
    <ClInclude Include="PreIfBlock.h">
      <Filter>PreProcessor</Filter>
    </ClInclude>
    <ClInclude Include="PreLineIf.h">
      <Filter>PreProcessor</Filter>
    </ClInclude>
    <ClInclude Include="PreProcessor.h">
      <Filter>PreProcessor</Filter>
    </ClInclude>
    <ClInclude Include="VbPreTokenStream.h">
      <Filter>VisualBasic Parser</Filter>
    </ClInclude>
    <ClInclude Include="VbPreProcessor.h">
      <Filter>VisualBasic Parser</Filter>
    </ClInclude>
    <ClInclude Include="TokenType.h">
      <Filter>Tokens</Filter>
    </ClInclude>
    <ClInclude Include="VbTokenFactory.h">
      <Filter>VisualBasic Parser</Filter>
    </ClInclude>
    <ClInclude Include="Token.h">
      <Filter>Tokens</Filter>
    </ClInclude>
    <ClInclude Include="String.h">
      <Filter>Utility</Filter>
    </ClInclude>
    <ClInclude Include="TokenStream.h">
      <Filter>Tokens</Filter>
    </ClInclude>
    <ClInclude Include="VbTokenStream.h">
      <Filter>VisualBasic Parser</Filter>
    </ClInclude>
    <ClInclude Include="SentenceItem.h">
      <Filter>Sentences</Filter>
    </ClInclude>
    <ClInclude Include="SentenceToken.h">
      <Filter>Sentences</Filter>
    </ClInclude>
    <ClInclude Include="Sentence.h">
      <Filter>Sentences</Filter>
    </ClInclude>
    <ClInclude Include="Terminal.h">
      <Filter>Language</Filter>
    </ClInclude>
    <ClInclude Include="ProductionItem.h">
      <Filter>Language</Filter>
    </ClInclude>
    <ClInclude Include="Production.h">
      <Filter>Language</Filter>
    </ClInclude>
    <ClInclude Include="Grammar.h">
      <Filter>Language</Filter>
    </ClInclude>
    <ClInclude Include="NonTerminal.h">
      <Filter>Language</Filter>
    </ClInclude>
    <ClInclude Include="GrammarParser.h">
      <Filter>Language</Filter>
    </ClInclude>
    <ClInclude Include="ConflictResolution.h">
      <Filter>Parser</Filter>
    </ClInclude>
    <ClInclude Include="ConflictResolver.h">
      <Filter>Parser</Filter>
    </ClInclude>
    <ClInclude Include="TransitionType.h">
      <Filter>Parser</Filter>
    </ClInclude>
    <ClInclude Include="TransitionAction.h">
      <Filter>Parser</Filter>
    </ClInclude>
    <ClInclude Include="TransitionList.h">
      <Filter>Parser</Filter>
    </ClInclude>
    <ClInclude Include="TransitionTable.h">
      <Filter>Parser</Filter>
    </ClInclude>
    <ClInclude Include="Item1.h">
      <Filter>Parser</Filter>
    </ClInclude>
    <ClInclude Include="ItemSet1.h">
      <Filter>Parser</Filter>
    </ClInclude>
    <ClInclude Include="ItemXPropogate.h">
      <Filter>Parser</Filter>
    </ClInclude>
    <ClInclude Include="ItemX.h">
      <Filter>Parser</Filter>
    </ClInclude>
    <ClInclude Include="ItemSetX.h">
      <Filter>Parser</Filter>
    </ClInclude>
    <ClInclude Include="ParserLALR.h">
      <Filter>Parser</Filter>
    </ClInclude>
    <ClInclude Include="SetOfItemSetKernel.h">
      <Filter>Parser</Filter>
    </ClInclude>
    <ClInclude Include="VbConflictResolver.h">
      <Filter>VisualBasic Parser</Filter>
    </ClInclude>
    <ClInclude Include="BinaryWriter.h">
      <Filter>IO</Filter>
    </ClInclude>
    <ClInclude Include="BinaryReader.h">
      <Filter>IO</Filter>
    </ClInclude>
    <ClInclude Include="optional.h">
      <Filter>Utility</Filter>
    </ClInclude>
    <ClInclude Include="SentenceParser.h">
      <Filter>Sentences</Filter>
    </ClInclude>
    <ClInclude Include="VbLine.h">
      <Filter>VisualBasic Sentences</Filter>
    </ClInclude>
    <ClInclude Include="OptionalSentenceListAccessor.h">
      <Filter>Sentences</Filter>
    </ClInclude>
    <ClInclude Include="RequiredSentenceAccessor.h">
      <Filter>Sentences</Filter>
    </ClInclude>
    <ClInclude Include="OptionalSentenceAccessor.h">
      <Filter>Sentences</Filter>
    </ClInclude>
    <ClInclude Include="RequiredTokenAccessor.h">
      <Filter>Sentences</Filter>
    </ClInclude>
    <ClInclude Include="OptionalTokenAccessor.h">
      <Filter>Sentences</Filter>
    </ClInclude>
    <ClInclude Include="VbTranslationUnit.h">
      <Filter>VisualBasic Sentences</Filter>
    </ClInclude>
    <ClInclude Include="VbDeclaration.h">
      <Filter>VisualBasic Sentences</Filter>
    </ClInclude>
    <ClInclude Include="VbLineLabel.h">
      <Filter>VisualBasic Sentences</Filter>
    </ClInclude>
    <ClInclude Include="VbLiteral.h">
      <Filter>VisualBasic Sentences</Filter>
    </ClInclude>
    <ClInclude Include="VbAttribute.h">
      <Filter>VisualBasic Sentences</Filter>
    </ClInclude>
    <ClInclude Include="VbModuleHeader.h">
      <Filter>VisualBasic Sentences</Filter>
    </ClInclude>
    <ClInclude Include="RequiredSentenceListAccessor.h">
      <Filter>Sentences</Filter>
    </ClInclude>
    <ClInclude Include="VbTranslationHeader.h">
      <Filter>VisualBasic Sentences</Filter>
    </ClInclude>
    <ClInclude Include="VbExpression.h">
      <Filter>VisualBasic Sentences\Expressions</Filter>
    </ClInclude>
    <ClInclude Include="VbOrExpression.h">
      <Filter>VisualBasic Sentences\Expressions</Filter>
    </ClInclude>
    <ClInclude Include="VbXorExpression.h">
      <Filter>VisualBasic Sentences\Expressions</Filter>
    </ClInclude>
    <ClInclude Include="VbAndExpression.h">
      <Filter>VisualBasic Sentences\Expressions</Filter>
    </ClInclude>
    <ClInclude Include="VbEqualityExpression.h">
      <Filter>VisualBasic Sentences\Expressions</Filter>
    </ClInclude>
    <ClInclude Include="VbAdditiveExpression.h">
      <Filter>VisualBasic Sentences\Expressions</Filter>
    </ClInclude>
    <ClInclude Include="VbMultiplicativeExpression.h">
      <Filter>VisualBasic Sentences\Expressions</Filter>
    </ClInclude>
    <ClInclude Include="VbPostfixExpression.h">
      <Filter>VisualBasic Sentences\Expressions</Filter>
    </ClInclude>
    <ClInclude Include="VbUnaryExpression.h">
      <Filter>VisualBasic Sentences\Expressions</Filter>
    </ClInclude>
    <ClInclude Include="VbPrimaryExpression.h">
      <Filter>VisualBasic Sentences\Expressions</Filter>
    </ClInclude>
    <ClInclude Include="VbRelationalExpression.h">
      <Filter>VisualBasic Sentences\Expressions</Filter>
    </ClInclude>
    <ClInclude Include="VbCompoundStatement.h">
      <Filter>VisualBasic Sentences\Statements</Filter>
    </ClInclude>
    <ClInclude Include="VbEndStatement.h">
      <Filter>VisualBasic Sentences\Statements</Filter>
    </ClInclude>
    <ClInclude Include="VbFunctionStatement.h">
      <Filter>VisualBasic Sentences\Statements</Filter>
    </ClInclude>
    <ClInclude Include="VbIfStatement.h">
      <Filter>VisualBasic Sentences\Statements</Filter>
    </ClInclude>
    <ClInclude Include="VbLetStatement.h">
      <Filter>VisualBasic Sentences\Statements</Filter>
    </ClInclude>
    <ClInclude Include="VbStatement.h">
      <Filter>VisualBasic Sentences\Statements</Filter>
    </ClInclude>
    <ClInclude Include="VbDefineTypeStatement.h">
      <Filter>VisualBasic Sentences\Statements</Filter>
    </ClInclude>
    <ClInclude Include="VbDeclareStatement.h">
      <Filter>VisualBasic Sentences\Statements</Filter>
    </ClInclude>
    <ClInclude Include="VbAsSpecifier.h">
      <Filter>VisualBasic Sentences\Types</Filter>
    </ClInclude>
    <ClInclude Include="VbSimpleType.h">
      <Filter>VisualBasic Sentences\Types</Filter>
    </ClInclude>
    <ClInclude Include="VbTypeSpecifier.h">
      <Filter>VisualBasic Sentences\Types</Filter>
    </ClInclude>
    <ClInclude Include="VbLValue.h">
      <Filter>VisualBasic Sentences\Identifiers</Filter>
    </ClInclude>
    <ClInclude Include="VbLValueList.h">
      <Filter>VisualBasic Sentences\Identifiers</Filter>
    </ClInclude>
    <ClInclude Include="VbLValueTerminal.h">
      <Filter>VisualBasic Sentences\Identifiers</Filter>
    </ClInclude>
    <ClInclude Include="VbQualifiedId.h">
      <Filter>VisualBasic Sentences\Identifiers</Filter>
    </ClInclude>
    <ClInclude Include="VbConstStatement.h">
      <Filter>VisualBasic Sentences\Statements</Filter>
    </ClInclude>
    <ClInclude Include="VbDimStatement.h">
      <Filter>VisualBasic Sentences\Statements</Filter>
    </ClInclude>
    <ClInclude Include="VbEndKeyword.h">
      <Filter>VisualBasic Sentences</Filter>
    </ClInclude>
    <ClInclude Include="VbRedimStatement.h">
      <Filter>VisualBasic Sentences\Statements</Filter>
    </ClInclude>
    <ClInclude Include="VbConstantDefinition.h">
      <Filter>VisualBasic Sentences\Definitions</Filter>
    </ClInclude>
    <ClInclude Include="VbDimDefinition.h">
      <Filter>VisualBasic Sentences\Definitions</Filter>
    </ClInclude>
    <ClInclude Include="VbRedimDefinition.h">
      <Filter>VisualBasic Sentences\Definitions</Filter>
    </ClInclude>
    <ClInclude Include="VbSubscript.h">
      <Filter>VisualBasic Sentences</Filter>
    </ClInclude>
    <ClInclude Include="VbDefineTypeKeyword.h">
      <Filter>VisualBasic Sentences</Filter>
    </ClInclude>
    <ClInclude Include="VbArraySuffix.h">
      <Filter>VisualBasic Sentences\Types</Filter>
    </ClInclude>
    <ClInclude Include="VbPropertyStatement.h">
      <Filter>VisualBasic Sentences\Statements</Filter>
    </ClInclude>
    <ClInclude Include="VbTypeStatement.h">
      <Filter>VisualBasic Sentences\Statements</Filter>
    </ClInclude>
    <ClInclude Include="VbTypeDefinition.h">
      <Filter>VisualBasic Sentences\Definitions</Filter>
    </ClInclude>
    <ClInclude Include="VbWithStatement.h">
      <Filter>VisualBasic Sentences\Statements</Filter>
    </ClInclude>
    <ClInclude Include="VbElseIfStatement.h">
      <Filter>VisualBasic Sentences\Statements</Filter>
    </ClInclude>
    <ClInclude Include="VbElseStatement.h">
      <Filter>VisualBasic Sentences\Statements</Filter>
    </ClInclude>
    <ClInclude Include="VbCallStatement.h">
      <Filter>VisualBasic Sentences\Statements</Filter>
    </ClInclude>
    <ClInclude Include="VbCallSuffix.h">
      <Filter>VisualBasic Sentences\Identifiers</Filter>
    </ClInclude>
    <ClInclude Include="VbCallTerminal.h">
      <Filter>VisualBasic Sentences\Identifiers</Filter>
    </ClInclude>
    <ClInclude Include="VbCodeExpression.h">
      <Filter>VisualBasic Code\Expressions</Filter>
    </ClInclude>
    <ClInclude Include="VbCodeUnaryExpressionType.h">
      <Filter>VisualBasic Code\Expressions</Filter>
    </ClInclude>
    <ClInclude Include="VbCodeUnaryExpression.h">
      <Filter>VisualBasic Code\Expressions</Filter>
    </ClInclude>
    <ClInclude Include="VbCodeBinaryExpressionType.h">
      <Filter>VisualBasic Code\Expressions</Filter>
    </ClInclude>
    <ClInclude Include="VbCodeBinaryExpression.h">
      <Filter>VisualBasic Code\Expressions</Filter>
    </ClInclude>
    <ClInclude Include="VbCodeExpressionFactory.h">
      <Filter>VisualBasic Code\Expressions</Filter>
    </ClInclude>
    <ClInclude Include="VbCodeConstantExpression.h">
      <Filter>VisualBasic Code\Expressions</Filter>
    </ClInclude>
    <ClInclude Include="VbCodeMember.h">
      <Filter>VisualBasic Code</Filter>
    </ClInclude>
    <ClInclude Include="VbCodeType.h">
      <Filter>VisualBasic Code\Types and Values</Filter>
    </ClInclude>
    <ClInclude Include="VbCodeTypeFactory.h">
      <Filter>VisualBasic Code\Types and Values</Filter>
    </ClInclude>
    <ClInclude Include="VbCodeTypeName.h">
      <Filter>VisualBasic Code\Types and Values</Filter>
    </ClInclude>
    <ClInclude Include="VbCodeTypeNameFactory.h">
      <Filter>VisualBasic Code\Types and Values</Filter>
    </ClInclude>
    <ClInclude Include="VbCodeValue.h">
      <Filter>VisualBasic Code\Types and Values</Filter>
    </ClInclude>
    <ClInclude Include="VbCodeValueFactory.h">
      <Filter>VisualBasic Code\Types and Values</Filter>
    </ClInclude>
    <ClInclude Include="VbCodeValueType.h">
      <Filter>VisualBasic Code\Types and Values</Filter>
    </ClInclude>
    <ClInclude Include="VbCodeConstant.h">
      <Filter>VisualBasic Code\Types and Values</Filter>
    </ClInclude>
    <ClInclude Include="VbCodeDeclare.h">
      <Filter>VisualBasic Code</Filter>
    </ClInclude>
    <ClInclude Include="VbCodeParameter.h">
      <Filter>VisualBasic Code</Filter>
    </ClInclude>
    <ClInclude Include="VbCodeParameterFactory.h">
      <Filter>VisualBasic Code</Filter>
    </ClInclude>
    <ClInclude Include="VbParameterClause.h">
      <Filter>VisualBasic Sentences</Filter>
    </ClInclude>
    <ClInclude Include="VbParameter.h">
      <Filter>VisualBasic Sentences</Filter>
    </ClInclude>
    <ClInclude Include="VbDefaultValue.h">
      <Filter>VisualBasic Sentences</Filter>
    </ClInclude>
    <ClInclude Include="VbPassBy.h">
      <Filter>VisualBasic Sentences</Filter>
    </ClInclude>
    <ClInclude Include="VbCodeDeclareFactory.h">
      <Filter>VisualBasic Code</Filter>
    </ClInclude>
    <ClInclude Include="VbDeclareAlias.h">
      <Filter>VisualBasic Sentences</Filter>
    </ClInclude>
    <ClInclude Include="VbCodeTypeDefinition.h">
      <Filter>VisualBasic Code</Filter>
    </ClInclude>
    <ClInclude Include="VbCodeVariable.h">
      <Filter>VisualBasic Code</Filter>
    </ClInclude>
    <ClInclude Include="VbCodeTypeDefinitionFactory.h">
      <Filter>VisualBasic Code</Filter>
    </ClInclude>
    <ClInclude Include="VbCodeFunction.h">
      <Filter>VisualBasic Code\Functions</Filter>
    </ClInclude>
    <ClInclude Include="VbCodeFunctionFactory.h">
      <Filter>VisualBasic Code\Functions</Filter>
    </ClInclude>
    <ClInclude Include="VbCodeFunctionType.h">
      <Filter>VisualBasic Code\Functions</Filter>
    </ClInclude>
    <ClInclude Include="VbCodeFunctionAccess.h">
      <Filter>VisualBasic Code\Functions</Filter>
    </ClInclude>
    <ClInclude Include="VbCodeEndType.h">
      <Filter>VisualBasic Code</Filter>
    </ClInclude>
    <ClInclude Include="VbCodeStatement.h">
      <Filter>VisualBasic Code\Statements</Filter>
    </ClInclude>
    <ClInclude Include="VbCodeWithStatement.h">
      <Filter>VisualBasic Code\Statements</Filter>
    </ClInclude>
    <ClInclude Include="VbCodeLetStatement.h">
      <Filter>VisualBasic Code\Statements</Filter>
    </ClInclude>
    <ClInclude Include="VbCodeEndProgramStatement.h">
      <Filter>VisualBasic Code\Statements</Filter>
    </ClInclude>
    <ClInclude Include="VbCodeWithExpression.h">
      <Filter>VisualBasic Code\Expressions</Filter>
    </ClInclude>
    <ClInclude Include="VbCodeDotType.h">
      <Filter>VisualBasic Code</Filter>
    </ClInclude>
    <ClInclude Include="VbCodeMemberExpression.h">
      <Filter>VisualBasic Code\Expressions</Filter>
    </ClInclude>
    <ClInclude Include="VbCodeIdExpression.h">
      <Filter>VisualBasic Code\Expressions</Filter>
    </ClInclude>
    <ClInclude Include="VbCodeIfStatement.h">
      <Filter>VisualBasic Code\Statements</Filter>
    </ClInclude>
    <ClInclude Include="VbCodeIfBlock.h">
      <Filter>VisualBasic Code\Statements</Filter>
    </ClInclude>
    <ClInclude Include="VbCodeCallExpression.h">
      <Filter>VisualBasic Code\Expressions</Filter>
    </ClInclude>
    <ClInclude Include="VbExpressionClause.h">
      <Filter>VisualBasic Sentences\Expressions</Filter>
    </ClInclude>
    <ClInclude Include="VbExpressionList.h">
      <Filter>VisualBasic Sentences\Expressions</Filter>
    </ClInclude>
    <ClInclude Include="VbExpressionItem.h">
      <Filter>VisualBasic Sentences\Expressions</Filter>
    </ClInclude>
    <ClInclude Include="VbCodeMissingExpression.h">
      <Filter>VisualBasic Code\Expressions</Filter>
    </ClInclude>
    <ClInclude Include="VbCodeLenExpression.h">
      <Filter>VisualBasic Code\Expressions</Filter>
    </ClInclude>
    <ClInclude Include="VbCodeMeExpression.h">
      <Filter>VisualBasic Code\Expressions</Filter>
    </ClInclude>
    <ClInclude Include="VbCodeExpressionStatement.h">
      <Filter>VisualBasic Code\Statements</Filter>
    </ClInclude>
    <ClInclude Include="VbCodeParenthesisExpression.h">
      <Filter>VisualBasic Code\Expressions</Filter>
    </ClInclude>
    <ClInclude Include="VbCodeStatementWriter.h">
      <Filter>VisualBasic Code\Statements</Filter>
    </ClInclude>
    <ClInclude Include="VbCodeIdResolver.h">
      <Filter>VisualBasic Code\Functions</Filter>
    </ClInclude>
    <ClInclude Include="VbCodeClass.h">
      <Filter>VisualBasic Code\Translation Units</Filter>
    </ClInclude>
    <ClInclude Include="VbCodeClassFactory.h">
      <Filter>VisualBasic Code\Translation Units</Filter>
    </ClInclude>
    <ClInclude Include="VbCodeModule.h">
      <Filter>VisualBasic Code\Translation Units</Filter>
    </ClInclude>
    <ClInclude Include="VbCodeModuleFactory.h">
      <Filter>VisualBasic Code\Translation Units</Filter>
    </ClInclude>
    <ClInclude Include="VbClassHeader.h">
      <Filter>VisualBasic Sentences</Filter>
    </ClInclude>
    <ClInclude Include="VbSettingBlock.h">
      <Filter>VisualBasic Sentences</Filter>
    </ClInclude>
    <ClInclude Include="VbSetting.h">
      <Filter>VisualBasic Sentences</Filter>
    </ClInclude>
    <ClInclude Include="VbSettingValue.h">
      <Filter>VisualBasic Sentences</Filter>
    </ClInclude>
  </ItemGroup>
  <ItemGroup>
    <Text Include="Grammar.txt">
      <Filter>Language</Filter>
    </Text>
    <Text Include="VbGrammar.txt">
      <Filter>VisualBasic Parser</Filter>
    </Text>
  </ItemGroup>
  <ItemGroup>
    <None Include=".gitignore" />
    <None Include="VbGrammar.bin">
      <Filter>VisualBasic Parser</Filter>
    </None>
  </ItemGroup>
</Project>